
Microsoft Visual Studio Solution File, Format Version 12.00
# Visual Studio 15
VisualStudioVersion = 15.0.26014.0
MinimumVisualStudioVersion = 10.0.40219.1
Project("{FAE04EC0-301F-11D3-BF4B-00C04F79EFBC}") = "FluidAPI", "FluidAPI\FluidAPI.csproj", "{6E8C2F5E-CA57-4867-B757-4AEDD0061DF0}"
EndProject
Project("{FAE04EC0-301F-11D3-BF4B-00C04F79EFBC}") = "FluidWSDotNetClient", "FluidWSDotNetClient\FluidWSDotNetClient.csproj", "{1A4E23FA-C3D5-4632-B33F-AC6FC43B35E5}"
EndProject
Global
	GlobalSection(SolutionConfigurationPlatforms) = preSolution
		Debug|Any CPU = Debug|Any CPU
		Release|Any CPU = Release|Any CPU
	EndGlobalSection
	GlobalSection(ProjectConfigurationPlatforms) = postSolution
		{6E8C2F5E-CA57-4867-B757-4AEDD0061DF0}.Debug|Any CPU.ActiveCfg = Debug|Any CPU
		{6E8C2F5E-CA57-4867-B757-4AEDD0061DF0}.Debug|Any CPU.Build.0 = Debug|Any CPU
		{6E8C2F5E-CA57-4867-B757-4AEDD0061DF0}.Release|Any CPU.ActiveCfg = Release|Any CPU
		{6E8C2F5E-CA57-4867-B757-4AEDD0061DF0}.Release|Any CPU.Build.0 = Release|Any CPU
		{1A4E23FA-C3D5-4632-B33F-AC6FC43B35E5}.Debug|Any CPU.ActiveCfg = Debug|Any CPU
		{1A4E23FA-C3D5-4632-B33F-AC6FC43B35E5}.Debug|Any CPU.Build.0 = Debug|Any CPU
		{1A4E23FA-C3D5-4632-B33F-AC6FC43B35E5}.Release|Any CPU.ActiveCfg = Release|Any CPU
		{1A4E23FA-C3D5-4632-B33F-AC6FC43B35E5}.Release|Any CPU.Build.0 = Release|Any CPU
	EndGlobalSection
	GlobalSection(SolutionProperties) = preSolution
		HideSolutionNode = FALSE
	EndGlobalSection
EndGlobal
